
Microsoft Visual Studio Solution File, Format Version 12.00
# Visual Studio Version 17
VisualStudioVersion = 17.6.33513.286
MinimumVisualStudioVersion = 10.0.40219.1
Project("{8BC9CEB8-8B4A-11D0-8D11-00A0C91BC942}") = "Sandbox", "Sandbox\Sandbox.vcxproj", "{F2B2F295-F70D-4389-A615-F2833693B353}"
EndProject
Project("{8BC9CEB8-8B4A-11D0-8D11-00A0C91BC942}") = "Hazel", "Hazel\Hazel.vcxproj", "{2ED8E1E2-0B2D-41E7-AF69-B8587C41E7BA}"
EndProject
Global
	GlobalSection(SolutionConfigurationPlatforms) = preSolution
		Debug|x64 = Debug|x64
		Release|x64 = Release|x64
	EndGlobalSection
	GlobalSection(ProjectConfigurationPlatforms) = postSolution
		{2ED8E1E2-0B2D-41E7-AF69-B8587C41E7BA}.Debug|x64.ActiveCfg = Debug|x64
		{2ED8E1E2-0B2D-41E7-AF69-B8587C41E7BA}.Debug|x64.Build.0 = Debug|x64
		{2ED8E1E2-0B2D-41E7-AF69-B8587C41E7BA}.Release|x64.ActiveCfg = Release|x64
		{2ED8E1E2-0B2D-41E7-AF69-B8587C41E7BA}.Release|x64.Build.0 = Release|x64
		{F2B2F295-F70D-4389-A615-F2833693B353}.Debug|x64.ActiveCfg = Debug|x64
		{F2B2F295-F70D-4389-A615-F2833693B353}.Debug|x64.Build.0 = Debug|x64
		{F2B2F295-F70D-4389-A615-F2833693B353}.Release|x64.ActiveCfg = Release|x64
		{F2B2F295-F70D-4389-A615-F2833693B353}.Release|x64.Build.0 = Release|x64
	EndGlobalSection
	GlobalSection(SolutionProperties) = preSolution
		HideSolutionNode = FALSE
	EndGlobalSection
	GlobalSection(ExtensibilityGlobals) = postSolution
		SolutionGuid = {210396C6-EB72-4F6F-BE89-A36DA558A485}
	EndGlobalSection
EndGlobal
